Microsoft Visual Studio Solution File, Format Version 12.00
# Visual Studio Version 17
VisualStudioVersion = 17.5.2.0
MinimumVisualStudioVersion = 10.0.40219.1
Project("{FAE04EC0-301F-11D3-BF4B-00C04F79EFBC}") = "NestQuestApi", "NestQuestApi.csproj", "{FC29AF48-090A-BF1D-CFA2-86B27A0B3EB5}"
EndProject
Global
	GlobalSection(SolutionConfigurationPlatforms) = preSolution
		Debug|Any CPU = Debug|Any CPU
		Release|Any CPU = Release|Any CPU
	EndGlobalSection
	GlobalSection(ProjectConfigurationPlatforms) = postSolution
		{FC29AF48-090A-BF1D-CFA2-86B27A0B3EB5}.Debug|Any CPU.ActiveCfg = Debug|Any CPU
		{FC29AF48-090A-BF1D-CFA2-86B27A0B3EB5}.Debug|Any CPU.Build.0 = Debug|Any CPU
		{FC29AF48-090A-BF1D-CFA2-86B27A0B3EB5}.Release|Any CPU.ActiveCfg = Release|Any CPU
		{FC29AF48-090A-BF1D-CFA2-86B27A0B3EB5}.Release|Any CPU.Build.0 = Release|Any CPU
	EndGlobalSection
	GlobalSection(SolutionProperties) = preSolution
		HideSolutionNode = FALSE
	EndGlobalSection
	GlobalSection(ExtensibilityGlobals) = postSolution
		SolutionGuid = {46611AD1-6FBD-4AD2-A985-302D2C0FFEB0}
	EndGlobalSection
EndGlobal
